// !$*UTF8*$!
{
	archiveVersion = 1;
	classes = {
	};
	objectVersion = 56;
	objects = {

/* Begin PBXBuildFile section */
		22B0F02A2A46FBCB005E4D99 /* CVHA_ClubApp.swift in Sources */ = {isa = PBXBuildFile; fileRef = 22B0F0292A46FBCB005E4D99 /* CVHA_ClubApp.swift */; };
		22B0F02C2A46FBCB005E4D99 /* ContentView.swift in Sources */ = {isa = PBXBuildFile; fileRef = 22B0F02B2A46FBCB005E4D99 /* ContentView.swift */; };
		22B0F0322A46FBCD005E4D99 /* Preview Assets.xcassets in Resources */ = {isa = PBXBuildFile; fileRef = 22B0F0312A46FBCD005E4D99 /* Preview Assets.xcassets */; };
		22B0F0392A47016F005E4D99 /* Assets.xcassets in Resources */ = {isa = PBXBuildFile; fileRef = 22B0F0382A47016F005E4D99 /* Assets.xcassets */; };
		22D37C3A2A4881EC000FB3D4 /* HelpView.swift in Sources */ = {isa = PBXBuildFile; fileRef = 22D37C392A4881EC000FB3D4 /* HelpView.swift */; };
		22D37C432A48A907000FB3D4 /* CVHAModel.xcdatamodeld in Sources */ = {isa = PBXBuildFile; fileRef = 22D37C412A48A907000FB3D4 /* CVHAModel.xcdatamodeld */; };
		22D37C452A48A98E000FB3D4 /* CVHAController.swift in Sources */ = {isa = PBXBuildFile; fileRef = 22D37C442A48A98E000FB3D4 /* CVHAController.swift */; };
/* End PBXBuildFile section */

/* Begin PBXFileReference section */
		22B0F0262A46FBCB005E4D99 /* CVHA Club.app */ = {isa = PBXFileReference; explicitFileType = wrapper.application; includeInIndex = 0; path = "CVHA Club.app"; sourceTree = BUILT_PRODUCTS_DIR; };
		22B0F0292A46FBCB005E4D99 /* CVHA_ClubApp.swift */ = {isa = PBXFileReference; lastKnownFileType = sourcecode.swift; path = CVHA_ClubApp.swift; sourceTree = "<group>"; };
		22B0F02B2A46FBCB005E4D99 /* ContentView.swift */ = {isa = PBXFileReference; lastKnownFileType = sourcecode.swift; path = ContentView.swift; sourceTree = "<group>"; };
		22B0F02F2A46FBCD005E4D99 /* CVHA_Club.entitlements */ = {isa = PBXFileReference; lastKnownFileType = text.plist.entitlements; path = CVHA_Club.entitlements; sourceTree = "<group>"; };
		22B0F0312A46FBCD005E4D99 /* Preview Assets.xcassets */ = {isa = PBXFileReference; lastKnownFileType = folder.assetcatalog; path = "Preview Assets.xcassets"; sourceTree = "<group>"; };
		22B0F0382A47016F005E4D99 /* Assets.xcassets */ = {isa = PBXFileReference; lastKnownFileType = folder.assetcatalog; path = Assets.xcassets; sourceTree = "<group>"; };
		22D37C392A4881EC000FB3D4 /* HelpView.swift */ = {isa = PBXFileReference; lastKnownFileType = sourcecode.swift; path = HelpView.swift; sourceTree = "<group>"; };
		22D37C422A48A907000FB3D4 /* CVHAModel.xcdatamodel */ = {isa = PBXFileReference; lastKnownFileType = wrapper.xcdatamodel; path = CVHAModel.xcdatamodel; sourceTree = "<group>"; };
		22D37C442A48A98E000FB3D4 /* CVHAController.swift */ = {isa = PBXFileReference; lastKnownFileType = sourcecode.swift; path = CVHAController.swift; sourceTree = "<group>"; };
/* End PBXFileReference section */

/* Begin PBXFrameworksBuildPhase section */
		22B0F0232A46FBCB005E4D99 /* Frameworks */ = {
			isa = PBXFrameworksBuildPhase;
			buildActionMask = 2147483647;
			files = (
			);
			runOnlyForDeploymentPostprocessing = 0;
		};
/* End PBXFrameworksBuildPhase section */

/* Begin PBXGroup section */
		22B0F01D2A46FBCB005E4D99 = {
			isa = PBXGroup;
			children = (
				22B0F0282A46FBCB005E4D99 /* CVHA Club */,
				22B0F0272A46FBCB005E4D99 /* Products */,
			);
			sourceTree = "<group>";
		};
		22B0F0272A46FBCB005E4D99 /* Products */ = {
			isa = PBXGroup;
			children = (
				22B0F0262A46FBCB005E4D99 /* CVHA Club.app */,
			);
			name = Products;
			sourceTree = "<group>";
		};
		22B0F0282A46FBCB005E4D99 /* CVHA Club */ = {
			isa = PBXGroup;
			children = (
				22B0F0292A46FBCB005E4D99 /* CVHA_ClubApp.swift */,
				22B0F02B2A46FBCB005E4D99 /* ContentView.swift */,
				22D37C412A48A907000FB3D4 /* CVHAModel.xcdatamodeld */,
				22D37C442A48A98E000FB3D4 /* CVHAController.swift */,
				22D37C392A4881EC000FB3D4 /* HelpView.swift */,
				22B0F02F2A46FBCD005E4D99 /* CVHA_Club.entitlements */,
				22B0F0382A47016F005E4D99 /* Assets.xcassets */,
				22B0F0302A46FBCD005E4D99 /* Preview Content */,
			);
			path = "CVHA Club";
			sourceTree = "<group>";
		};
		22B0F0302A46FBCD005E4D99 /* Preview Content */ = {
			isa = PBXGroup;
			children = (
				22B0F0312A46FBCD005E4D99 /* Preview Assets.xcassets */,
			);
			path = "Preview Content";
			sourceTree = "<group>";
		};
/* End PBXGroup section */

/* Begin PBXNativeTarget section */
		22B0F0252A46FBCB005E4D99 /* CVHA Club */ = {
			isa = PBXNativeTarget;
			buildConfigurationList = 22B0F0352A46FBCD005E4D99 /* Build configuration list for PBXNativeTarget "CVHA Club" */;
			buildPhases = (
				22B0F0222A46FBCB005E4D99 /* Sources */,
				22B0F0232A46FBCB005E4D99 /* Frameworks */,
				22B0F0242A46FBCB005E4D99 /* Resources */,
			);
			buildRules = (
			);
			dependencies = (
			);
			name = "CVHA Club";
			productName = "CVHA Club";
			productReference = 22B0F0262A46FBCB005E4D99 /* CVHA Club.app */;
			productType = "com.apple.product-type.application";
		};
/* End PBXNativeTarget section */

/* Begin PBXProject section */
		22B0F01E2A46FBCB005E4D99 /* Project object */ = {
			isa = PBXProject;
			attributes = {
				BuildIndependentTargetsInParallel = 1;
				LastSwiftUpdateCheck = 1430;
				LastUpgradeCheck = 1430;
				TargetAttributes = {
					22B0F0252A46FBCB005E4D99 = {
						CreatedOnToolsVersion = 14.3.1;
					};
				};
			};
			buildConfigurationList = 22B0F0212A46FBCB005E4D99 /* Build configuration list for PBXProject "CVHA Club" */;
			compatibilityVersion = "Xcode 14.0";
			developmentRegion = en;
			hasScannedForEncodings = 0;
			knownRegions = (
				en,
				Base,
			);
			mainGroup = 22B0F01D2A46FBCB005E4D99;
			productRefGroup = 22B0F0272A46FBCB005E4D99 /* Products */;
			projectDirPath = "";
			projectRoot = "";
			targets = (
				22B0F0252A46FBCB005E4D99 /* CVHA Club */,
			);
		};
/* End PBXProject section */

/* Begin PBXResourcesBuildPhase section */
		22B0F0242A46FBCB005E4D99 /* Resources */ = {
			isa = PBXResourcesBuildPhase;
			buildActionMask = 2147483647;
			files = (
				22B0F0392A47016F005E4D99 /* Assets.xcassets in Resources */,
				22B0F0322A46FBCD005E4D99 /* Preview Assets.xcassets in Resources */,
			);
			runOnlyForDeploymentPostprocessing = 0;
		};
/* End PBXResourcesBuildPhase section */

/* Begin PBXSourcesBuildPhase section */
		22B0F0222A46FBCB005E4D99 /* Sources */ = {
			isa = PBXSourcesBuildPhase;
			buildActionMask = 2147483647;
			files = (
				22B0F02C2A46FBCB005E4D99 /* ContentView.swift in Sources */,
				22D37C432A48A907000FB3D4 /* CVHAModel.xcdatamodeld in Sources */,
				22D37C3A2A4881EC000FB3D4 /* HelpView.swift in Sources */,
				22B0F02A2A46FBCB005E4D99 /* CVHA_ClubApp.swift in Sources */,
				22D37C452A48A98E000FB3D4 /* CVHAController.swift in Sources */,
			);
			runOnlyForDeploymentPostprocessing = 0;
		};
/* End PBXSourcesBuildPhase section */

/* Begin XCBuildConfiguration section */
		22B0F0332A46FBCD005E4D99 /* Debug */ = {
			isa = XCBuildConfiguration;
			buildSettings = {
				ALWAYS_SEARCH_USER_PATHS = NO;
				CLANG_ANALYZER_NONNULL = YES;
				CLANG_ANALYZER_NUMBER_OBJECT_CONVERSION = YES_AGGRESSIVE;
				CLANG_CXX_LANGUAGE_STANDARD = "gnu++20";
				CLANG_ENABLE_MODULES = YES;
				CLANG_ENABLE_OBJC_ARC = YES;
				CLANG_ENABLE_OBJC_WEAK = YES;
				CLANG_WARN_BLOCK_CAPTURE_AUTORELEASING = YES;
				CLANG_WARN_BOOL_CONVERSION = YES;
				CLANG_WARN_COMMA = YES;
				CLANG_WARN_CONSTANT_CONVERSION = YES;
				CLANG_WARN_DEPRECATED_OBJC_IMPLEMENTATIONS = YES;
				CLANG_WARN_DIRECT_OBJC_ISA_USAGE = YES_ERROR;
				CLANG_WARN_DOCUMENTATION_COMMENTS = YES;
				CLANG_WARN_EMPTY_BODY = YES;
				CLANG_WARN_ENUM_CONVERSION = YES;
				CLANG_WARN_INFINITE_RECURSION = YES;
				CLANG_WARN_INT_CONVERSION = YES;
				CLANG_WARN_NON_LITERAL_NULL_CONVERSION = YES;
				CLANG_WARN_OBJC_IMPLICIT_RETAIN_SELF = YES;
				CLANG_WARN_OBJC_LITERAL_CONVERSION = YES;
				CLANG_WARN_OBJC_ROOT_CLASS = YES_ERROR;
				CLANG_WARN_QUOTED_INCLUDE_IN_FRAMEWORK_HEADER = YES;
				CLANG_WARN_RANGE_LOOP_ANALYSIS = YES;
				CLANG_WARN_STRICT_PROTOTYPES = YES;
				CLANG_WARN_SUSPICIOUS_MOVE = YES;
				CLANG_WARN_UNGUARDED_AVAILABILITY = YES_AGGRESSIVE;
				CLANG_WARN_UNREACHABLE_CODE = YES;
				CLANG_WARN__DUPLICATE_METHOD_MATCH = YES;
				COPY_PHASE_STRIP = NO;
				DEBUG_INFORMATION_FORMAT = dwarf;
				ENABLE_STRICT_OBJC_MSGSEND = YES;
				ENABLE_TESTABILITY = YES;
				GCC_C_LANGUAGE_STANDARD = gnu11;
				GCC_DYNAMIC_NO_PIC = NO;
				GCC_NO_COMMON_BLOCKS = YES;
				GCC_OPTIMIZATION_LEVEL = 0;
				GCC_PREPROCESSOR_DEFINITIONS = (
					"DEBUG=1",
					"$(inherited)",
				);
				GCC_WARN_64_TO_32_BIT_CONVERSION = YES;
				GCC_WARN_ABOUT_RETURN_TYPE = YES_ERROR;
				GCC_WARN_UNDECLARED_SELECTOR = YES;
				GCC_WARN_UNINITIALIZED_AUTOS = YES_AGGRESSIVE;
				GCC_WARN_UNUSED_FUNCTION = YES;
				GCC_WARN_UNUSED_VARIABLE = YES;
				MTL_ENABLE_DEBUG_INFO = INCLUDE_SOURCE;
				MTL_FAST_MATH = YES;
				ONLY_ACTIVE_ARCH = YES;
				SWIFT_ACTIVE_COMPILATION_CONDITIONS = DEBUG;
				SWIFT_OPTIMIZATION_LEVEL = "-Onone";
			};
			name = Debug;
		};
		22B0F0342A46FBCD005E4D99 /* Release */ = {
			isa = XCBuildConfiguration;
			buildSettings = {
				ALWAYS_SEARCH_USER_PATHS = NO;
				CLANG_ANALYZER_NONNULL = YES;
				CLANG_ANALYZER_NUMBER_OBJECT_CONVERSION = YES_AGGRESSIVE;
				CLANG_CXX_LANGUAGE_STANDARD = "gnu++20";
				CLANG_ENABLE_MODULES = YES;
				CLANG_ENABLE_OBJC_ARC = YES;
				CLANG_ENABLE_OBJC_WEAK = YES;
				CLANG_WARN_BLOCK_CAPTURE_AUTORELEASING = YES;
				CLANG_WARN_BOOL_CONVERSION = YES;
				CLANG_WARN_COMMA = YES;
				CLANG_WARN_CONSTANT_CONVERSION = YES;
				CLANG_WARN_DEPRECATED_OBJC_IMPLEMENTATIONS = YES;
				CLANG_WARN_DIRECT_OBJC_ISA_USAGE = YES_ERROR;
				CLANG_WARN_DOCUMENTATION_COMMENTS = YES;
				CLANG_WARN_EMPTY_BODY = YES;
				CLANG_WARN_ENUM_CONVERSION = YES;
				CLANG_WARN_INFINITE_RECURSION = YES;
				CLANG_WARN_INT_CONVERSION = YES;
				CLANG_WARN_NON_LITERAL_NULL_CONVERSION = YES;
				CLANG_WARN_OBJC_IMPLICIT_RETAIN_SELF = YES;
				CLANG_WARN_OBJC_LITERAL_CONVERSION = YES;
				CLANG_WARN_OBJC_ROOT_CLASS = YES_ERROR;
				CLANG_WARN_QUOTED_INCLUDE_IN_FRAMEWORK_HEADER = YES;
				CLANG_WARN_RANGE_LOOP_ANALYSIS = YES;
				CLANG_WARN_STRICT_PROTOTYPES = YES;
				CLANG_WARN_SUSPICIOUS_MOVE = YES;
				CLANG_WARN_UNGUARDED_AVAILABILITY = YES_AGGRESSIVE;
				CLANG_WARN_UNREACHABLE_CODE = YES;
				CLANG_WARN__DUPLICATE_METHOD_MATCH = YES;
				COPY_PHASE_STRIP = NO;
				DEBUG_INFORMATION_FORMAT = "dwarf-with-dsym";
				ENABLE_NS_ASSERTIONS = NO;
				ENABLE_STRICT_OBJC_MSGSEND = YES;
				GCC_C_LANGUAGE_STANDARD = gnu11;
				GCC_NO_COMMON_BLOCKS = YES;
				GCC_WARN_64_TO_32_BIT_CONVERSION = YES;
				GCC_WARN_ABOUT_RETURN_TYPE = YES_ERROR;
				GCC_WARN_UNDECLARED_SELECTOR = YES;
				GCC_WARN_UNINITIALIZED_AUTOS = YES_AGGRESSIVE;
				GCC_WARN_UNUSED_FUNCTION = YES;
				GCC_WARN_UNUSED_VARIABLE = YES;
				MTL_ENABLE_DEBUG_INFO = NO;
				MTL_FAST_MATH = YES;
				SWIFT_COMPILATION_MODE = wholemodule;
				SWIFT_OPTIMIZATION_LEVEL = "-O";
			};
			name = Release;
		};
		22B0F0362A46FBCD005E4D99 /* Debug */ = {
			isa = XCBuildConfiguration;
			buildSettings = {
				ASSETCATALOG_COMPILER_APPICON_NAME = AppIcon;
				ASSETCATALOG_COMPILER_GLOBAL_ACCENT_COLOR_NAME = AccentColor;
				CODE_SIGN_ENTITLEMENTS = "CVHA Club/CVHA_Club.entitlements";
				CODE_SIGN_STYLE = Automatic;
				CURRENT_PROJECT_VERSION = 1;
				DEVELOPMENT_ASSET_PATHS = "\"CVHA Club/Preview Content\"";
				DEVELOPMENT_TEAM = 6HYBBSC5WU;
				ENABLE_HARDENED_RUNTIME = YES;
				ENABLE_PREVIEWS = YES;
				GENERATE_INFOPLIST_FILE = YES;
				"INFOPLIST_KEY_UIApplicationSceneManifest_Generation[sdk=iphoneos*]" = YES;
				"INFOPLIST_KEY_UIApplicationSceneManifest_Generation[sdk=iphonesimulator*]" = YES;
				"INFOPLIST_KEY_UIApplicationSupportsIndirectInputEvents[sdk=iphoneos*]" = YES;
				"INFOPLIST_KEY_UIApplicationSupportsIndirectInputEvents[sdk=iphonesimulator*]" = YES;
				"INFOPLIST_KEY_UILaunchScreen_Generation[sdk=iphoneos*]" = YES;
				"INFOPLIST_KEY_UILaunchScreen_Generation[sdk=iphonesimulator*]" = YES;
				"INFOPLIST_KEY_UIStatusBarStyle[sdk=iphoneos*]" = UIStatusBarStyleDefault;
				"INFOPLIST_KEY_UIStatusBarStyle[sdk=iphonesimulator*]" = UIStatusBarStyleDefault;
				INFOPLIST_KEY_UISupportedInterfaceOrientations_iPad = "UIInterfaceOrientationPortrait UIInterfaceOrientationPortraitUpsideDown UIInterfaceOrientationLandscapeLeft UIInterfaceOrientationLandscapeRight";
				INFOPLIST_KEY_UISupportedInterfaceOrientations_iPhone = "UIInterfaceOrientationPortrait UIInterfaceOrientationLandscapeLeft UIInterfaceOrientationLandscapeRight";
				IPHONEOS_DEPLOYMENT_TARGET = 16.4;
				LD_RUNPATH_SEARCH_PATHS = "@executable_path/Frameworks";
				"LD_RUNPATH_SEARCH_PATHS[sdk=macosx*]" = "@executable_path/../Frameworks";
				MACOSX_DEPLOYMENT_TARGET = 13.3;
				MARKETING_VERSION = 1.0;
				PRODUCT_BUNDLE_IDENTIFIER = "club.cvha.CVHA-Club";
				PRODUCT_NAME = "$(TARGET_NAME)";
				SDKROOT = auto;
				SUPPORTED_PLATFORMS = "iphoneos iphonesimulator macosx";
				SWIFT_EMIT_LOC_STRINGS = YES;
				SWIFT_VERSION = 5.0;
				TARGETED_DEVICE_FAMILY = "1,2";
			};
			name = Debug;
		};
		22B0F0372A46FBCD005E4D99 /* Release */ = {
			isa = XCBuildConfiguration;
			buildSettings = {
				ASSETCATALOG_COMPILER_APPICON_NAME = AppIcon;
				ASSETCATALOG_COMPILER_GLOBAL_ACCENT_COLOR_NAME = AccentColor;
				CODE_SIGN_ENTITLEMENTS = "CVHA Club/CVHA_Club.entitlements";
				CODE_SIGN_STYLE = Automatic;
				CURRENT_PROJECT_VERSION = 1;
				DEVELOPMENT_ASSET_PATHS = "\"CVHA Club/Preview Content\"";
				DEVELOPMENT_TEAM = 6HYBBSC5WU;
				ENABLE_HARDENED_RUNTIME = YES;
				ENABLE_PREVIEWS = YES;
				GENERATE_INFOPLIST_FILE = YES;
				"INFOPLIST_KEY_UIApplicationSceneManifest_Generation[sdk=iphoneos*]" = YES;
				"INFOPLIST_KEY_UIApplicationSceneManifest_Generation[sdk=iphonesimulator*]" = YES;
				"INFOPLIST_KEY_UIApplicationSupportsIndirectInputEvents[sdk=iphoneos*]" = YES;
				"INFOPLIST_KEY_UIApplicationSupportsIndirectInputEvents[sdk=iphonesimulator*]" = YES;
				"INFOPLIST_KEY_UILaunchScreen_Generation[sdk=iphoneos*]" = YES;
				"INFOPLIST_KEY_UILaunchScreen_Generation[sdk=iphonesimulator*]" = YES;
				"INFOPLIST_KEY_UIStatusBarStyle[sdk=iphoneos*]" = UIStatusBarStyleDefault;
				"INFOPLIST_KEY_UIStatusBarStyle[sdk=iphonesimulator*]" = UIStatusBarStyleDefault;
				INFOPLIST_KEY_UISupportedInterfaceOrientations_iPad = "UIInterfaceOrientationPortrait UIInterfaceOrientationPortraitUpsideDown UIInterfaceOrientationLandscapeLeft UIInterfaceOrientationLandscapeRight";
				INFOPLIST_KEY_UISupportedInterfaceOrientations_iPhone = "UIInterfaceOrientationPortrait UIInterfaceOrientationLandscapeLeft UIInterfaceOrientationLandscapeRight";
				IPHONEOS_DEPLOYMENT_TARGET = 16.4;
				LD_RUNPATH_SEARCH_PATHS = "@executable_path/Frameworks";
				"LD_RUNPATH_SEARCH_PATHS[sdk=macosx*]" = "@executable_path/../Frameworks";
				MACOSX_DEPLOYMENT_TARGET = 13.3;
				MARKETING_VERSION = 1.0;
				PRODUCT_BUNDLE_IDENTIFIER = "club.cvha.CVHA-Club";
				PRODUCT_NAME = "$(TARGET_NAME)";
				SDKROOT = auto;
				SUPPORTED_PLATFORMS = "iphoneos iphonesimulator macosx";
				SWIFT_EMIT_LOC_STRINGS = YES;
				SWIFT_VERSION = 5.0;
				TARGETED_DEVICE_FAMILY = "1,2";
			};
			name = Release;
		};
/* End XCBuildConfiguration section */

/* Begin XCConfigurationList section */
		22B0F0212A46FBCB005E4D99 /* Build configuration list for PBXProject "CVHA Club" */ = {
			isa = XCConfigurationList;
			buildConfigurations = (
				22B0F0332A46FBCD005E4D99 /* Debug */,
				22B0F0342A46FBCD005E4D99 /* Release */,
			);
			defaultConfigurationIsVisible = 0;
			defaultConfigurationName = Release;
		};
		22B0F0352A46FBCD005E4D99 /* Build configuration list for PBXNativeTarget "CVHA Club" */ = {
			isa = XCConfigurationList;
			buildConfigurations = (
				22B0F0362A46FBCD005E4D99 /* Debug */,
				22B0F0372A46FBCD005E4D99 /* Release */,
			);
			defaultConfigurationIsVisible = 0;
			defaultConfigurationName = Release;
		};
/* End XCConfigurationList section */

/* Begin XCVersionGroup section */
		22D37C412A48A907000FB3D4 /* CVHAModel.xcdatamodeld */ = {
			isa = XCVersionGroup;
			children = (
				22D37C422A48A907000FB3D4 /* CVHAModel.xcdatamodel */,
			);
			currentVersion = 22D37C422A48A907000FB3D4 /* CVHAModel.xcdatamodel */;
			path = CVHAModel.xcdatamodeld;
			sourceTree = "<group>";
			versionGroupType = wrapper.xcdatamodel;
		};
/* End XCVersionGroup section */
	};
	rootObject = 22B0F01E2A46FBCB005E4D99 /* Project object */;
}
